Microsoft Visual Studio Solution File, Format Version 12.00
# Visual Studio Version 17
VisualStudioVersion = 17.5.2.0
MinimumVisualStudioVersion = 10.0.40219.1
Project("{2150E333-8FDC-42A3-9474-1A3956D46DE8}") = "_Season15", "_Season15", "{7F0266CC-AF37-013F-3591-64DF62B5A26D}"
EndProject
Project("{2150E333-8FDC-42A3-9474-1A3956D46DE8}") = "_Season24", "_Season24", "{0EFE86A6-1537-EE69-12B3-3C249FFEE169}"
EndProject
Project("{2150E333-8FDC-42A3-9474-1A3956D46DE8}") = "01 - Not Quite Lisp", "01 - Not Quite Lisp", "{011EE91A-FC06-608A-5162-61A44420EA7D}"
EndProject
Project("{2150E333-8FDC-42A3-9474-1A3956D46DE8}") = "C#", "C#", "{9F98F88C-EC0C-B84A-FB56-37D9E985A3BF}"
EndProject
Project("{FAE04EC0-301F-11D3-BF4B-00C04F79EFBC}") = "NotQuiteLisp", "_Season15\01 - Not Quite Lisp\C#\NotQuiteLisp\NotQuiteLisp.csproj", "{F0711CF0-F42C-0E30-1AA0-14033777E01B}"
EndProject
Project("{2150E333-8FDC-42A3-9474-1A3956D46DE8}") = "01 - Historian Hysteria", "01 - Historian Hysteria", "{F8A36A7B-B830-0B90-A706-4DADFA3A2A6C}"
EndProject
Project("{2150E333-8FDC-42A3-9474-1A3956D46DE8}") = "C#", "C#", "{5672BF0B-0DA2-D9EA-A34E-57F2E151D340}"
EndProject
Project("{FAE04EC0-301F-11D3-BF4B-00C04F79EFBC}") = "HistorianHysteria", "_Season24\01 - Historian Hysteria\C#\HistorianHysteria\HistorianHysteria.csproj", "{A7A73323-65AC-F004-5D79-8F75CB1B3599}"
EndProject
Project("{2150E333-8FDC-42A3-9474-1A3956D46DE8}") = "02 - Red-Nosed Reports", "02 - Red-Nosed Reports", "{0E740DDB-EB4F-79CD-994C-0D9A870718A5}"
EndProject
Project("{2150E333-8FDC-42A3-9474-1A3956D46DE8}") = "C#", "C#", "{BC03AF5B-0349-C238-8F83-1685F35CC6D0}"
EndProject
Project("{FAE04EC0-301F-11D3-BF4B-00C04F79EFBC}") = "RedNosedReports", "_Season24\02 - Red-Nosed Reports\C#\RedNosedReports\RedNosedReports.csproj", "{7A321A57-7417-8B4E-B739-DD2339B8ED46}"
EndProject
Global
	GlobalSection(SolutionConfigurationPlatforms) = preSolution
		Debug|Any CPU = Debug|Any CPU
		Release|Any CPU = Release|Any CPU
	EndGlobalSection
	GlobalSection(ProjectConfigurationPlatforms) = postSolution
		{F0711CF0-F42C-0E30-1AA0-14033777E01B}.Debug|Any CPU.ActiveCfg = Debug|Any CPU
		{F0711CF0-F42C-0E30-1AA0-14033777E01B}.Debug|Any CPU.Build.0 = Debug|Any CPU
		{F0711CF0-F42C-0E30-1AA0-14033777E01B}.Release|Any CPU.ActiveCfg = Release|Any CPU
		{F0711CF0-F42C-0E30-1AA0-14033777E01B}.Release|Any CPU.Build.0 = Release|Any CPU
		{A7A73323-65AC-F004-5D79-8F75CB1B3599}.Debug|Any CPU.ActiveCfg = Debug|Any CPU
		{A7A73323-65AC-F004-5D79-8F75CB1B3599}.Debug|Any CPU.Build.0 = Debug|Any CPU
		{A7A73323-65AC-F004-5D79-8F75CB1B3599}.Release|Any CPU.ActiveCfg = Release|Any CPU
		{A7A73323-65AC-F004-5D79-8F75CB1B3599}.Release|Any CPU.Build.0 = Release|Any CPU
		{7A321A57-7417-8B4E-B739-DD2339B8ED46}.Debug|Any CPU.ActiveCfg = Debug|Any CPU
		{7A321A57-7417-8B4E-B739-DD2339B8ED46}.Debug|Any CPU.Build.0 = Debug|Any CPU
		{7A321A57-7417-8B4E-B739-DD2339B8ED46}.Release|Any CPU.ActiveCfg = Release|Any CPU
		{7A321A57-7417-8B4E-B739-DD2339B8ED46}.Release|Any CPU.Build.0 = Release|Any CPU
	EndGlobalSection
	GlobalSection(SolutionProperties) = preSolution
		HideSolutionNode = FALSE
	EndGlobalSection
	GlobalSection(NestedProjects) = preSolution
		{011EE91A-FC06-608A-5162-61A44420EA7D} = {7F0266CC-AF37-013F-3591-64DF62B5A26D}
		{9F98F88C-EC0C-B84A-FB56-37D9E985A3BF} = {011EE91A-FC06-608A-5162-61A44420EA7D}
		{F0711CF0-F42C-0E30-1AA0-14033777E01B} = {9F98F88C-EC0C-B84A-FB56-37D9E985A3BF}
		{F8A36A7B-B830-0B90-A706-4DADFA3A2A6C} = {0EFE86A6-1537-EE69-12B3-3C249FFEE169}
		{5672BF0B-0DA2-D9EA-A34E-57F2E151D340} = {F8A36A7B-B830-0B90-A706-4DADFA3A2A6C}
		{A7A73323-65AC-F004-5D79-8F75CB1B3599} = {5672BF0B-0DA2-D9EA-A34E-57F2E151D340}
		{0E740DDB-EB4F-79CD-994C-0D9A870718A5} = {0EFE86A6-1537-EE69-12B3-3C249FFEE169}
		{BC03AF5B-0349-C238-8F83-1685F35CC6D0} = {0E740DDB-EB4F-79CD-994C-0D9A870718A5}
		{7A321A57-7417-8B4E-B739-DD2339B8ED46} = {BC03AF5B-0349-C238-8F83-1685F35CC6D0}
	EndGlobalSection
	GlobalSection(ExtensibilityGlobals) = postSolution
		SolutionGuid = {A80946DE-0CD4-4015-8D35-D1C2AADF8FF0}
	EndGlobalSection
EndGlobal
